// !$*UTF8*$!
{
	archiveVersion = 1;
	classes = {
	};
	objectVersion = 46;
	objects = {

/* Begin PBXBuildFile section */
		377741AD1F6A0F1300B9B3A6 /* ZJCTabbarController.swift in Sources */ = {isa = PBXBuildFile; fileRef = 377741AC1F6A0F1300B9B3A6 /* ZJCTabbarController.swift */; };
		377741AF1F6A0F2700B9B3A6 /* ZJCNavigationController.swift in Sources */ = {isa = PBXBuildFile; fileRef = 377741AE1F6A0F2700B9B3A6 /* ZJCNavigationController.swift */; };
		377741B11F6A0F5200B9B3A6 /* ZJCBaseViewController.swift in Sources */ = {isa = PBXBuildFile; fileRef = 377741B01F6A0F5200B9B3A6 /* ZJCBaseViewController.swift */; };
		377741B31F6A0FDB00B9B3A6 /* ZJCHomeViewController.swift in Sources */ = {isa = PBXBuildFile; fileRef = 377741B21F6A0FDB00B9B3A6 /* ZJCHomeViewController.swift */; };
		377741B51F6A0FE500B9B3A6 /* ZJCMessageViewController.swift in Sources */ = {isa = PBXBuildFile; fileRef = 377741B41F6A0FE500B9B3A6 /* ZJCMessageViewController.swift */; };
		377741B71F6A0FEF00B9B3A6 /* ZJCDiscoveryViewController.swift in Sources */ = {isa = PBXBuildFile; fileRef = 377741B61F6A0FEF00B9B3A6 /* ZJCDiscoveryViewController.swift */; };
		377741B91F6A0FF800B9B3A6 /* ZJCProfileViewController.swift in Sources */ = {isa = PBXBuildFile; fileRef = 377741B81F6A0FF800B9B3A6 /* ZJCProfileViewController.swift */; };
		37DA4FCA1F3DA40800226837 /* AppDelegate.swift in Sources */ = {isa = PBXBuildFile; fileRef = 37DA4FC91F3DA40800226837 /* AppDelegate.swift */; };
		37DA4FD11F3DA40800226837 /* Assets.xcassets in Resources */ = {isa = PBXBuildFile; fileRef = 37DA4FD01F3DA40800226837 /* Assets.xcassets */; };
		37DA4FD41F3DA40800226837 /* LaunchScreen.storyboard in Resources */ = {isa = PBXBuildFile; fileRef = 37DA4FD21F3DA40800226837 /* LaunchScreen.storyboard */; };
/* End PBXBuildFile section */

/* Begin PBXFileReference section */
		377741AC1F6A0F1300B9B3A6 /* ZJCTabbarController.swift */ = {isa = PBXFileReference; fileEncoding = 4; lastKnownFileType = sourcecode.swift; path = ZJCTabbarController.swift; sourceTree = "<group>"; };
		377741AE1F6A0F2700B9B3A6 /* ZJCNavigationController.swift */ = {isa = PBXFileReference; fileEncoding = 4; lastKnownFileType = sourcecode.swift; path = ZJCNavigationController.swift; sourceTree = "<group>"; };
		377741B01F6A0F5200B9B3A6 /* ZJCBaseViewController.swift */ = {isa = PBXFileReference; fileEncoding = 4; lastKnownFileType = sourcecode.swift; path = ZJCBaseViewController.swift; sourceTree = "<group>"; };
		377741B21F6A0FDB00B9B3A6 /* ZJCHomeViewController.swift */ = {isa = PBXFileReference; fileEncoding = 4; lastKnownFileType = sourcecode.swift; path = ZJCHomeViewController.swift; sourceTree = "<group>"; };
		377741B41F6A0FE500B9B3A6 /* ZJCMessageViewController.swift */ = {isa = PBXFileReference; fileEncoding = 4; lastKnownFileType = sourcecode.swift; path = ZJCMessageViewController.swift; sourceTree = "<group>"; };
		377741B61F6A0FEF00B9B3A6 /* ZJCDiscoveryViewController.swift */ = {isa = PBXFileReference; fileEncoding = 4; lastKnownFileType = sourcecode.swift; path = ZJCDiscoveryViewController.swift; sourceTree = "<group>"; };
		377741B81F6A0FF800B9B3A6 /* ZJCProfileViewController.swift */ = {isa = PBXFileReference; fileEncoding = 4; lastKnownFileType = sourcecode.swift; path = ZJCProfileViewController.swift; sourceTree = "<group>"; };
		37DA4FC61F3DA40800226837 /* ZJCSinaWeibo.app */ = {isa = PBXFileReference; explicitFileType = wrapper.application; includeInIndex = 0; path = ZJCSinaWeibo.app; sourceTree = BUILT_PRODUCTS_DIR; };
		37DA4FC91F3DA40800226837 /* AppDelegate.swift */ = {isa = PBXFileReference; lastKnownFileType = sourcecode.swift; path = AppDelegate.swift; sourceTree = "<group>"; };
		37DA4FD01F3DA40800226837 /* Assets.xcassets */ = {isa = PBXFileReference; lastKnownFileType = folder.assetcatalog; path = Assets.xcassets; sourceTree = "<group>"; };
		37DA4FD31F3DA40800226837 /* Base */ = {isa = PBXFileReference; lastKnownFileType = file.storyboard; name = Base; path = Base.lproj/LaunchScreen.storyboard; sourceTree = "<group>"; };
		37DA4FD51F3DA40800226837 /* Info.plist */ = {isa = PBXFileReference; lastKnownFileType = text.plist.xml; path = Info.plist; sourceTree = "<group>"; };
/* End PBXFileReference section */

/* Begin PBXFrameworksBuildPhase section */
		37DA4FC31F3DA40800226837 /* Frameworks */ = {
			isa = PBXFrameworksBuildPhase;
			buildActionMask = 2147483647;
			files = (
			);
			runOnlyForDeploymentPostprocessing = 0;
		};
/* End PBXFrameworksBuildPhase section */

/* Begin PBXGroup section */
		377741A21F6A0EA400B9B3A6 /* Classes */ = {
			isa = PBXGroup;
			children = (
				377741A51F6A0EA400B9B3A6 /* View(视图和控制器) */,
				377741AB1F6A0EA400B9B3A6 /* ViewModel(视图模型) */,
				377741A31F6A0EA400B9B3A6 /* Model(数据模型) */,
				377741A41F6A0EA400B9B3A6 /* Tools(工具) */,
			);
			path = Classes;
			sourceTree = "<group>";
		};
		377741A31F6A0EA400B9B3A6 /* Model(数据模型) */ = {
			isa = PBXGroup;
			children = (
			);
			path = "Model(数据模型)";
			sourceTree = "<group>";
		};
		377741A41F6A0EA400B9B3A6 /* Tools(工具) */ = {
			isa = PBXGroup;
			children = (
			);
			path = "Tools(工具)";
			sourceTree = "<group>";
		};
		377741A51F6A0EA400B9B3A6 /* View(视图和控制器) */ = {
			isa = PBXGroup;
			children = (
				377741A81F6A0EA400B9B3A6 /* Main */,
				377741A71F6A0EA400B9B3A6 /* Home */,
				377741A91F6A0EA400B9B3A6 /* Message */,
				377741A61F6A0EA400B9B3A6 /* Discovery */,
				377741AA1F6A0EA400B9B3A6 /* Profile */,
			);
			path = "View(视图和控制器)";
			sourceTree = "<group>";
		};
		377741A61F6A0EA400B9B3A6 /* Discovery */ = {
			isa = PBXGroup;
			children = (
				377741B61F6A0FEF00B9B3A6 /* ZJCDiscoveryViewController.swift */,
			);
			path = Discovery;
			sourceTree = "<group>";
		};
		377741A71F6A0EA400B9B3A6 /* Home */ = {
			isa = PBXGroup;
			children = (
				377741B21F6A0FDB00B9B3A6 /* ZJCHomeViewController.swift */,
			);
			path = Home;
			sourceTree = "<group>";
		};
		377741A81F6A0EA400B9B3A6 /* Main */ = {
			isa = PBXGroup;
			children = (
				377741AC1F6A0F1300B9B3A6 /* ZJCTabbarController.swift */,
				377741AE1F6A0F2700B9B3A6 /* ZJCNavigationController.swift */,
				377741B01F6A0F5200B9B3A6 /* ZJCBaseViewController.swift */,
			);
			path = Main;
			sourceTree = "<group>";
		};
		377741A91F6A0EA400B9B3A6 /* Message */ = {
			isa = PBXGroup;
			children = (
				377741B41F6A0FE500B9B3A6 /* ZJCMessageViewController.swift */,
			);
			path = Message;
			sourceTree = "<group>";
		};
		377741AA1F6A0EA400B9B3A6 /* Profile */ = {
			isa = PBXGroup;
			children = (
				377741B81F6A0FF800B9B3A6 /* ZJCProfileViewController.swift */,
			);
			path = Profile;
			sourceTree = "<group>";
		};
		377741AB1F6A0EA400B9B3A6 /* ViewModel(视图模型) */ = {
			isa = PBXGroup;
			children = (
			);
			path = "ViewModel(视图模型)";
			sourceTree = "<group>";
		};
		37DA4FBD1F3DA40800226837 = {
			isa = PBXGroup;
			children = (
				37DA4FC81F3DA40800226837 /* ZJCSinaWeibo */,
				37DA4FC71F3DA40800226837 /* Products */,
			);
			sourceTree = "<group>";
		};
		37DA4FC71F3DA40800226837 /* Products */ = {
			isa = PBXGroup;
			children = (
				37DA4FC61F3DA40800226837 /* ZJCSinaWeibo.app */,
			);
			name = Products;
			sourceTree = "<group>";
		};
		37DA4FC81F3DA40800226837 /* ZJCSinaWeibo */ = {
			isa = PBXGroup;
			children = (
				377741A21F6A0EA400B9B3A6 /* Classes */,
				37DA4FC91F3DA40800226837 /* AppDelegate.swift */,
				37DA4FD01F3DA40800226837 /* Assets.xcassets */,
				37DA4FD21F3DA40800226837 /* LaunchScreen.storyboard */,
				37DA4FD51F3DA40800226837 /* Info.plist */,
			);
			path = ZJCSinaWeibo;
			sourceTree = "<group>";
		};
/* End PBXGroup section */

/* Begin PBXNativeTarget section */
		37DA4FC51F3DA40800226837 /* ZJCSinaWeibo */ = {
			isa = PBXNativeTarget;
			buildConfigurationList = 37DA4FD81F3DA40800226837 /* Build configuration list for PBXNativeTarget "ZJCSinaWeibo" */;
			buildPhases = (
				37DA4FC21F3DA40800226837 /* Sources */,
				37DA4FC31F3DA40800226837 /* Frameworks */,
				37DA4FC41F3DA40800226837 /* Resources */,
			);
			buildRules = (
			);
			dependencies = (
			);
			name = ZJCSinaWeibo;
			productName = ZJCSinaWeibo;
			productReference = 37DA4FC61F3DA40800226837 /* ZJCSinaWeibo.app */;
			productType = "com.apple.product-type.application";
		};
/* End PBXNativeTarget section */

/* Begin PBXProject section */
		37DA4FBE1F3DA40800226837 /* Project object */ = {
			isa = PBXProject;
			attributes = {
				CLASSPREFIX = ZJC;
				LastSwiftUpdateCheck = 0830;
				LastUpgradeCheck = 0830;
				ORGANIZATIONNAME = sposter.net;
				TargetAttributes = {
					37DA4FC51F3DA40800226837 = {
						CreatedOnToolsVersion = 8.3.3;
						DevelopmentTeam = Q775ZXKAM6;
						ProvisioningStyle = Automatic;
					};
				};
			};
			buildConfigurationList = 37DA4FC11F3DA40800226837 /* Build configuration list for PBXProject "ZJCSinaWeibo" */;
			compatibilityVersion = "Xcode 3.2";
			developmentRegion = English;
			hasScannedForEncodings = 0;
			knownRegions = (
				en,
				Base,
			);
			mainGroup = 37DA4FBD1F3DA40800226837;
			productRefGroup = 37DA4FC71F3DA40800226837 /* Products */;
			projectDirPath = "";
			projectRoot = "";
			targets = (
				37DA4FC51F3DA40800226837 /* ZJCSinaWeibo */,
			);
		};
/* End PBXProject section */

/* Begin PBXResourcesBuildPhase section */
		37DA4FC41F3DA40800226837 /* Resources */ = {
			isa = PBXResourcesBuildPhase;
			buildActionMask = 2147483647;
			files = (
				37DA4FD41F3DA40800226837 /* LaunchScreen.storyboard in Resources */,
				37DA4FD11F3DA40800226837 /* Assets.xcassets in Resources */,
			);
			runOnlyForDeploymentPostprocessing = 0;
		};
/* End PBXResourcesBuildPhase section */

/* Begin PBXSourcesBuildPhase section */
		37DA4FC21F3DA40800226837 /* Sources */ = {
			isa = PBXSourcesBuildPhase;
			buildActionMask = 2147483647;
			files = (
				377741B91F6A0FF800B9B3A6 /* ZJCProfileViewController.swift in Sources */,
				377741B31F6A0FDB00B9B3A6 /* ZJCHomeViewController.swift in Sources */,
				377741AD1F6A0F1300B9B3A6 /* ZJCTabbarController.swift in Sources */,
				37DA4FCA1F3DA40800226837 /* AppDelegate.swift in Sources */,
				377741AF1F6A0F2700B9B3A6 /* ZJCNavigationController.swift in Sources */,
				377741B71F6A0FEF00B9B3A6 /* ZJCDiscoveryViewController.swift in Sources */,
				377741B51F6A0FE500B9B3A6 /* ZJCMessageViewController.swift in Sources */,
				377741B11F6A0F5200B9B3A6 /* ZJCBaseViewController.swift in Sources */,
			);
			runOnlyForDeploymentPostprocessing = 0;
		};
/* End PBXSourcesBuildPhase section */

/* Begin PBXVariantGroup section */
		37DA4FD21F3DA40800226837 /* LaunchScreen.storyboard */ = {
			isa = PBXVariantGroup;
			children = (
				37DA4FD31F3DA40800226837 /* Base */,
			);
			name = LaunchScreen.storyboard;
			sourceTree = "<group>";
		};
/* End PBXVariantGroup section */

/* Begin XCBuildConfiguration section */
		37DA4FD61F3DA40800226837 /* Debug */ = {
			isa = XCBuildConfiguration;
			buildSettings = {
				ALWAYS_SEARCH_USER_PATHS = NO;
				CLANG_ANALYZER_NONNULL = YES;
				CLANG_ANALYZER_NUMBER_OBJECT_CONVERSION = YES_AGGRESSIVE;
				CLANG_CXX_LANGUAGE_STANDARD = "gnu++0x";
				CLANG_CXX_LIBRARY = "libc++";
				CLANG_ENABLE_MODULES = YES;
				CLANG_ENABLE_OBJC_ARC = YES;
				CLANG_WARN_BOOL_CONVERSION = YES;
				CLANG_WARN_CONSTANT_CONVERSION = YES;
				CLANG_WARN_DIRECT_OBJC_ISA_USAGE = YES_ERROR;
				CLANG_WARN_DOCUMENTATION_COMMENTS = YES;
				CLANG_WARN_EMPTY_BODY = YES;
				CLANG_WARN_ENUM_CONVERSION = YES;
				CLANG_WARN_INFINITE_RECURSION = YES;
				CLANG_WARN_INT_CONVERSION = YES;
				CLANG_WARN_OBJC_ROOT_CLASS = YES_ERROR;
				CLANG_WARN_SUSPICIOUS_MOVE = YES;
				CLANG_WARN_UNREACHABLE_CODE = YES;
				CLANG_WARN__DUPLICATE_METHOD_MATCH = YES;
				"CODE_SIGN_IDENTITY[sdk=iphoneos*]" = "iPhone Developer";
				COPY_PHASE_STRIP = NO;
				DEBUG_INFORMATION_FORMAT = dwarf;
				ENABLE_STRICT_OBJC_MSGSEND = YES;
				ENABLE_TESTABILITY = YES;
				GCC_C_LANGUAGE_STANDARD = gnu99;
				GCC_DYNAMIC_NO_PIC = NO;
				GCC_NO_COMMON_BLOCKS = YES;
				GCC_OPTIMIZATION_LEVEL = 0;
				GCC_PREPROCESSOR_DEFINITIONS = (
					"DEBUG=1",
					"$(inherited)",
				);
				GCC_WARN_64_TO_32_BIT_CONVERSION = YES;
				GCC_WARN_ABOUT_RETURN_TYPE = YES_ERROR;
				GCC_WARN_UNDECLARED_SELECTOR = YES;
				GCC_WARN_UNINITIALIZED_AUTOS = YES_AGGRESSIVE;
				GCC_WARN_UNUSED_FUNCTION = YES;
				GCC_WARN_UNUSED_VARIABLE = YES;
				IPHONEOS_DEPLOYMENT_TARGET = 10.3;
				MTL_ENABLE_DEBUG_INFO = YES;
				ONLY_ACTIVE_ARCH = YES;
				SDKROOT = iphoneos;
				SWIFT_ACTIVE_COMPILATION_CONDITIONS = DEBUG;
				SWIFT_OPTIMIZATION_LEVEL = "-Onone";
			};
			name = Debug;
		};
		37DA4FD71F3DA40800226837 /* Release */ = {
			isa = XCBuildConfiguration;
			buildSettings = {
				ALWAYS_SEARCH_USER_PATHS = NO;
				CLANG_ANALYZER_NONNULL = YES;
				CLANG_ANALYZER_NUMBER_OBJECT_CONVERSION = YES_AGGRESSIVE;
				CLANG_CXX_LANGUAGE_STANDARD = "gnu++0x";
				CLANG_CXX_LIBRARY = "libc++";
				CLANG_ENABLE_MODULES = YES;
				CLANG_ENABLE_OBJC_ARC = YES;
				CLANG_WARN_BOOL_CONVERSION = YES;
				CLANG_WARN_CONSTANT_CONVERSION = YES;
				CLANG_WARN_DIRECT_OBJC_ISA_USAGE = YES_ERROR;
				CLANG_WARN_DOCUMENTATION_COMMENTS = YES;
				CLANG_WARN_EMPTY_BODY = YES;
				CLANG_WARN_ENUM_CONVERSION = YES;
				CLANG_WARN_INFINITE_RECURSION = YES;
				CLANG_WARN_INT_CONVERSION = YES;
				CLANG_WARN_OBJC_ROOT_CLASS = YES_ERROR;
				CLANG_WARN_SUSPICIOUS_MOVE = YES;
				CLANG_WARN_UNREACHABLE_CODE = YES;
				CLANG_WARN__DUPLICATE_METHOD_MATCH = YES;
				"CODE_SIGN_IDENTITY[sdk=iphoneos*]" = "iPhone Developer";
				COPY_PHASE_STRIP = NO;
				DEBUG_INFORMATION_FORMAT = "dwarf-with-dsym";
				ENABLE_NS_ASSERTIONS = NO;
				ENABLE_STRICT_OBJC_MSGSEND = YES;
				GCC_C_LANGUAGE_STANDARD = gnu99;
				GCC_NO_COMMON_BLOCKS = YES;
				GCC_WARN_64_TO_32_BIT_CONVERSION = YES;
				GCC_WARN_ABOUT_RETURN_TYPE = YES_ERROR;
				GCC_WARN_UNDECLARED_SELECTOR = YES;
				GCC_WARN_UNINITIALIZED_AUTOS = YES_AGGRESSIVE;
				GCC_WARN_UNUSED_FUNCTION = YES;
				GCC_WARN_UNUSED_VARIABLE = YES;
				IPHONEOS_DEPLOYMENT_TARGET = 10.3;
				MTL_ENABLE_DEBUG_INFO = NO;
				SDKROOT = iphoneos;
				SWIFT_OPTIMIZATION_LEVEL = "-Owholemodule";
				VALIDATE_PRODUCT = YES;
			};
			name = Release;
		};
		37DA4FD91F3DA40800226837 /* Debug */ = {
			isa = XCBuildConfiguration;
			buildSettings = {
				ASSETCATALOG_COMPILER_APPICON_NAME = AppIcon;
				ASSETCATALOG_COMPILER_LAUNCHIMAGE_NAME = LaunchImage;
				DEVELOPMENT_TEAM = Q775ZXKAM6;
				INFOPLIST_FILE = ZJCSinaWeibo/Info.plist;
				IPHONEOS_DEPLOYMENT_TARGET = 8.0;
				LD_RUNPATH_SEARCH_PATHS = "$(inherited) @executable_path/Frameworks";
				PRODUCT_BUNDLE_IDENTIFIER = com.sposter.ZJCSinaWeibo;
				PRODUCT_NAME = "$(TARGET_NAME)";
				SWIFT_VERSION = 3.0;
			};
			name = Debug;
		};
		37DA4FDA1F3DA40800226837 /* Release */ = {
			isa = XCBuildConfiguration;
			buildSettings = {
				ASSETCATALOG_COMPILER_APPICON_NAME = AppIcon;
				ASSETCATALOG_COMPILER_LAUNCHIMAGE_NAME = LaunchImage;
				DEVELOPMENT_TEAM = Q775ZXKAM6;
				INFOPLIST_FILE = ZJCSinaWeibo/Info.plist;
				IPHONEOS_DEPLOYMENT_TARGET = 8.0;
				LD_RUNPATH_SEARCH_PATHS = "$(inherited) @executable_path/Frameworks";
				PRODUCT_BUNDLE_IDENTIFIER = com.sposter.ZJCSinaWeibo;
				PRODUCT_NAME = "$(TARGET_NAME)";
				SWIFT_VERSION = 3.0;
			};
			name = Release;
		};
/* End XCBuildConfiguration section */

/* Begin XCConfigurationList section */
		37DA4FC11F3DA40800226837 /* Build configuration list for PBXProject "ZJCSinaWeibo" */ = {
			isa = XCConfigurationList;
			buildConfigurations = (
				37DA4FD61F3DA40800226837 /* Debug */,
				37DA4FD71F3DA40800226837 /* Release */,
			);
			defaultConfigurationIsVisible = 0;
			defaultConfigurationName = Release;
		};
		37DA4FD81F3DA40800226837 /* Build configuration list for PBXNativeTarget "ZJCSinaWeibo" */ = {
			isa = XCConfigurationList;
			buildConfigurations = (
				37DA4FD91F3DA40800226837 /* Debug */,
				37DA4FDA1F3DA40800226837 /* Release */,
			);
			defaultConfigurationIsVisible = 0;
			defaultConfigurationName = Release;
		};
/* End XCConfigurationList section */
	};
	rootObject = 37DA4FBE1F3DA40800226837 /* Project object */;
}
